{
  "object": {
    "pins": [
      {
        "package": "GBSwiftAdditions",
        "repositoryURL": "git@github.com:g-bourachot/GBSwiftAdditions.git",
        "state": {
          "branch": null,
          "revision": "d7cbdbdaea440b3b60cdb59ed71f4a043668b78f",
          "version": "1.1.1"
        }
      },
      {
        "package": "PromiseKit",
        "repositoryURL": "git@github.com:mxcl/PromiseKit.git",
        "state": {
          "branch": null,
          "revision": "93c8d41ce96ed78f36c3948be396d76f3ca3de1b",
          "version": "6.16.2"
        }
      },
      {
        "package": "RxSwift",
        "repositoryURL": "https://github.com/ReactiveX/RxSwift.git",
        "state": {
          "branch": null,
          "revision": "7c17a6ccca06b5c107cfa4284e634562ddaf5951",
          "version": "6.2.0"
        }
      }
    ]
  },
  "version": 1
}
